
Microsoft Visual Studio Solution File, Format Version 12.00
# Visual Studio Version 17
VisualStudioVersion = 17.2.32516.85
MinimumVisualStudioVersion = 10.0.40219.1
Project("{9A19103F-16F7-4668-BE54-9A1E7A4F7556}") = "MarketStateMachines", "MarketStateMachines.csproj", "{61EFA6B4-6F23-4A4C-92B1-802559356DC5}"
EndProject
Project("{9A19103F-16F7-4668-BE54-9A1E7A4F7556}") = "TradingEngine", "..\TradingEngine\TradingEngine.csproj", "{4CD4B55F-99DE-4B94-B320-43FAFBC04938}"
EndProject
Project("{9A19103F-16F7-4668-BE54-9A1E7A4F7556}") = "TestGround", "..\TestGround\TestGround.csproj", "{EB3DE19D-7021-4E20-8D53-15F81B52B69C}"
EndProject
Project("{9A19103F-16F7-4668-BE54-9A1E7A4F7556}") = "Tests", "..\CalculatorTests\Tests.csproj", "{49E0BFBE-F688-432D-9EED-3194BD52BEB8}"
EndProject
Global
	GlobalSection(SolutionConfigurationPlatforms) = preSolution
		Debug|Any CPU = Debug|Any CPU
		Release|Any CPU = Release|Any CPU
	EndGlobalSection
	GlobalSection(ProjectConfigurationPlatforms) = postSolution
		{61EFA6B4-6F23-4A4C-92B1-802559356DC5}.Debug|Any CPU.ActiveCfg = Debug|Any CPU
		{61EFA6B4-6F23-4A4C-92B1-802559356DC5}.Debug|Any CPU.Build.0 = Debug|Any CPU
		{61EFA6B4-6F23-4A4C-92B1-802559356DC5}.Release|Any CPU.ActiveCfg = Release|Any CPU
		{61EFA6B4-6F23-4A4C-92B1-802559356DC5}.Release|Any CPU.Build.0 = Release|Any CPU
		{4CD4B55F-99DE-4B94-B320-43FAFBC04938}.Debug|Any CPU.ActiveCfg = Debug|Any CPU
		{4CD4B55F-99DE-4B94-B320-43FAFBC04938}.Debug|Any CPU.Build.0 = Debug|Any CPU
		{4CD4B55F-99DE-4B94-B320-43FAFBC04938}.Release|Any CPU.ActiveCfg = Release|Any CPU
		{4CD4B55F-99DE-4B94-B320-43FAFBC04938}.Release|Any CPU.Build.0 = Release|Any CPU
		{EB3DE19D-7021-4E20-8D53-15F81B52B69C}.Debug|Any CPU.ActiveCfg = Debug|Any CPU
		{EB3DE19D-7021-4E20-8D53-15F81B52B69C}.Debug|Any CPU.Build.0 = Debug|Any CPU
		{EB3DE19D-7021-4E20-8D53-15F81B52B69C}.Release|Any CPU.ActiveCfg = Release|Any CPU
		{EB3DE19D-7021-4E20-8D53-15F81B52B69C}.Release|Any CPU.Build.0 = Release|Any CPU
		{49E0BFBE-F688-432D-9EED-3194BD52BEB8}.Debug|Any CPU.ActiveCfg = Debug|Any CPU
		{49E0BFBE-F688-432D-9EED-3194BD52BEB8}.Debug|Any CPU.Build.0 = Debug|Any CPU
		{49E0BFBE-F688-432D-9EED-3194BD52BEB8}.Release|Any CPU.ActiveCfg = Release|Any CPU
		{49E0BFBE-F688-432D-9EED-3194BD52BEB8}.Release|Any CPU.Build.0 = Release|Any CPU
	EndGlobalSection
	GlobalSection(SolutionProperties) = preSolution
		HideSolutionNode = FALSE
	EndGlobalSection
	GlobalSection(ExtensibilityGlobals) = postSolution
		SolutionGuid = {0D562021-DD11-45F6-9604-4AA4C2C13007}
	EndGlobalSection
EndGlobal
